
Microsoft Visual Studio Solution File, Format Version 12.00
# Visual Studio Version 17
VisualStudioVersion = 17.11.35222.181
MinimumVisualStudioVersion = 10.0.40219.1
Project("{FAE04EC0-301F-11D3-BF4B-00C04F79EFBC}") = "WithoutEntityFWLoginSys", "WithoutEntityFWLoginSys\WithoutEntityFWLoginSys.csproj", "{77C1143D-4D43-492A-881C-CF0530DBC571}"
EndProject
Global
	GlobalSection(SolutionConfigurationPlatforms) = preSolution
		Debug|Any CPU = Debug|Any CPU
		Release|Any CPU = Release|Any CPU
	EndGlobalSection
	GlobalSection(ProjectConfigurationPlatforms) = postSolution
		{77C1143D-4D43-492A-881C-CF0530DBC571}.Debug|Any CPU.ActiveCfg = Debug|Any CPU
		{77C1143D-4D43-492A-881C-CF0530DBC571}.Debug|Any CPU.Build.0 = Debug|Any CPU
		{77C1143D-4D43-492A-881C-CF0530DBC571}.Release|Any CPU.ActiveCfg = Release|Any CPU
		{77C1143D-4D43-492A-881C-CF0530DBC571}.Release|Any CPU.Build.0 = Release|Any CPU
	EndGlobalSection
	GlobalSection(SolutionProperties) = preSolution
		HideSolutionNode = FALSE
	EndGlobalSection
	GlobalSection(ExtensibilityGlobals) = postSolution
		SolutionGuid = {047E034B-6996-4DA6-95A8-6C8FD5DDAF5A}
	EndGlobalSection
EndGlobal
